
Microsoft Visual Studio Solution File, Format Version 12.00
# Visual Studio Version 17
VisualStudioVersion = 17.5.33502.453
MinimumVisualStudioVersion = 10.0.40219.1
Project("{9A19103F-16F7-4668-BE54-9A1E7A4F7556}") = "Job-Board", "Job-Board.csproj", "{9F3201BE-33DF-4594-9073-45DD0C1886E0}"
EndProject
Global
	GlobalSection(SolutionConfigurationPlatforms) = preSolution
		Debug|Any CPU = Debug|Any CPU
		Release|Any CPU = Release|Any CPU
	EndGlobalSection
	GlobalSection(ProjectConfigurationPlatforms) = postSolution
		{9F3201BE-33DF-4594-9073-45DD0C1886E0}.Debug|Any CPU.ActiveCfg = Debug|Any CPU
		{9F3201BE-33DF-4594-9073-45DD0C1886E0}.Debug|Any CPU.Build.0 = Debug|Any CPU
		{9F3201BE-33DF-4594-9073-45DD0C1886E0}.Release|Any CPU.ActiveCfg = Release|Any CPU
		{9F3201BE-33DF-4594-9073-45DD0C1886E0}.Release|Any CPU.Build.0 = Release|Any CPU
	EndGlobalSection
	GlobalSection(SolutionProperties) = preSolution
		HideSolutionNode = FALSE
	EndGlobalSection
	GlobalSection(ExtensibilityGlobals) = postSolution
		SolutionGuid = {C84E2AF4-93AE-426A-AEBE-AD70A1A27D55}
	EndGlobalSection
EndGlobal
